// !$*UTF8*$!
{
	archiveVersion = 1;
	classes = {
	};
	objectVersion = 51;
	objects = {

/* Begin PBXBuildFile section */
		A2281A04F123E46A506A0A8E /* Pods_Firebase_app.framework in Frameworks */ = {isa = PBXBuildFile; fileRef = D59C5A92BD8D4541719B9D2B /* Pods_Firebase_app.framework */; };
		E06103BF2761F205006F9B7D /* FirebaseManager.swift in Sources */ = {isa = PBXBuildFile; fileRef = E06103BE2761F205006F9B7D /* FirebaseManager.swift */; };
		E09D47D4275A5B7F00D228E4 /* LogInViewController.swift in Sources */ = {isa = PBXBuildFile; fileRef = E09D47D3275A5B7F00D228E4 /* LogInViewController.swift */; };
		E0CD64AF2757FCA00012BA95 /* MainViewController.swift in Sources */ = {isa = PBXBuildFile; fileRef = E0CD64AE2757FCA00012BA95 /* MainViewController.swift */; };
		E0CD64B327581C840012BA95 /* SignUpViewController.swift in Sources */ = {isa = PBXBuildFile; fileRef = E0CD64B227581C840012BA95 /* SignUpViewController.swift */; };
		E0CD64B527581C970012BA95 /* ProfileViewController.swift in Sources */ = {isa = PBXBuildFile; fileRef = E0CD64B427581C970012BA95 /* ProfileViewController.swift */; };
		E0E476E4275241C800867CA5 /* AppDelegate.swift in Sources */ = {isa = PBXBuildFile; fileRef = E0E476E3275241C800867CA5 /* AppDelegate.swift */; };
		E0E476E6275241C800867CA5 /* SceneDelegate.swift in Sources */ = {isa = PBXBuildFile; fileRef = E0E476E5275241C800867CA5 /* SceneDelegate.swift */; };
		E0E476ED275241CA00867CA5 /* Assets.xcassets in Resources */ = {isa = PBXBuildFile; fileRef = E0E476EC275241CA00867CA5 /* Assets.xcassets */; };
		E0E476F0275241CA00867CA5 /* LaunchScreen.storyboard in Resources */ = {isa = PBXBuildFile; fileRef = E0E476EE275241CA00867CA5 /* LaunchScreen.storyboard */; };
		E0E476FA275246F900867CA5 /* GoogleService-Info.plist in Resources */ = {isa = PBXBuildFile; fileRef = E0E476F9275246F900867CA5 /* GoogleService-Info.plist */; };
/* End PBXBuildFile section */

/* Begin PBXFileReference section */
		298AAA87B713CA4787092E70 /* Pods-Firebase-app.debug.xcconfig */ = {isa = PBXFileReference; includeInIndex = 1; lastKnownFileType = text.xcconfig; name = "Pods-Firebase-app.debug.xcconfig"; path = "Target Support Files/Pods-Firebase-app/Pods-Firebase-app.debug.xcconfig"; sourceTree = "<group>"; };
		85F27A158C4CEB5088193FE6 /* Pods-Firebase-app.release.xcconfig */ = {isa = PBXFileReference; includeInIndex = 1; lastKnownFileType = text.xcconfig; name = "Pods-Firebase-app.release.xcconfig"; path = "Target Support Files/Pods-Firebase-app/Pods-Firebase-app.release.xcconfig"; sourceTree = "<group>"; };
		D59C5A92BD8D4541719B9D2B /* Pods_Firebase_app.framework */ = {isa = PBXFileReference; explicitFileType = wrapper.framework; includeInIndex = 0; path = Pods_Firebase_app.framework; sourceTree = BUILT_PRODUCTS_DIR; };
		E06103BE2761F205006F9B7D /* FirebaseManager.swift */ = {isa = PBXFileReference; fileEncoding = 4; lastKnownFileType = sourcecode.swift; path = FirebaseManager.swift; sourceTree = "<group>"; };
		E09D47D3275A5B7F00D228E4 /* LogInViewController.swift */ = {isa = PBXFileReference; lastKnownFileType = sourcecode.swift; path = LogInViewController.swift; sourceTree = "<group>"; };
		E0CD64AE2757FCA00012BA95 /* MainViewController.swift */ = {isa = PBXFileReference; lastKnownFileType = sourcecode.swift; path = MainViewController.swift; sourceTree = "<group>"; };
		E0CD64B227581C840012BA95 /* SignUpViewController.swift */ = {isa = PBXFileReference; lastKnownFileType = sourcecode.swift; path = SignUpViewController.swift; sourceTree = "<group>"; };
		E0CD64B427581C970012BA95 /* ProfileViewController.swift */ = {isa = PBXFileReference; lastKnownFileType = sourcecode.swift; path = ProfileViewController.swift; sourceTree = "<group>"; };
		E0E476E0275241C800867CA5 /* Firebase-app.app */ = {isa = PBXFileReference; explicitFileType = wrapper.application; includeInIndex = 0; path = "Firebase-app.app"; sourceTree = BUILT_PRODUCTS_DIR; };
		E0E476E3275241C800867CA5 /* AppDelegate.swift */ = {isa = PBXFileReference; lastKnownFileType = sourcecode.swift; path = AppDelegate.swift; sourceTree = "<group>"; };
		E0E476E5275241C800867CA5 /* SceneDelegate.swift */ = {isa = PBXFileReference; lastKnownFileType = sourcecode.swift; path = SceneDelegate.swift; sourceTree = "<group>"; };
		E0E476EC275241CA00867CA5 /* Assets.xcassets */ = {isa = PBXFileReference; lastKnownFileType = folder.assetcatalog; path = Assets.xcassets; sourceTree = "<group>"; };
		E0E476EF275241CA00867CA5 /* Base */ = {isa = PBXFileReference; lastKnownFileType = file.storyboard; name = Base; path = Base.lproj/LaunchScreen.storyboard; sourceTree = "<group>"; };
		E0E476F1275241CA00867CA5 /* Info.plist */ = {isa = PBXFileReference; lastKnownFileType = text.plist.xml; path = Info.plist; sourceTree = "<group>"; };
		E0E476F9275246F900867CA5 /* GoogleService-Info.plist */ = {isa = PBXFileReference; fileEncoding = 4; lastKnownFileType = text.plist.xml; path = "GoogleService-Info.plist"; sourceTree = "<group>"; };
/* End PBXFileReference section */

/* Begin PBXFrameworksBuildPhase section */
		E0E476DD275241C800867CA5 /* Frameworks */ = {
			isa = PBXFrameworksBuildPhase;
			buildActionMask = 2147483647;
			files = (
				A2281A04F123E46A506A0A8E /* Pods_Firebase_app.framework in Frameworks */,
			);
			runOnlyForDeploymentPostprocessing = 0;
		};
/* End PBXFrameworksBuildPhase section */

/* Begin PBXGroup section */
		7F16FF90727CFBF4BF22BD69 /* Pods */ = {
			isa = PBXGroup;
			children = (
				298AAA87B713CA4787092E70 /* Pods-Firebase-app.debug.xcconfig */,
				85F27A158C4CEB5088193FE6 /* Pods-Firebase-app.release.xcconfig */,
			);
			path = Pods;
			sourceTree = "<group>";
		};
		ACADA1CFC4D2E4FE44420907 /* Frameworks */ = {
			isa = PBXGroup;
			children = (
				D59C5A92BD8D4541719B9D2B /* Pods_Firebase_app.framework */,
			);
			name = Frameworks;
			sourceTree = "<group>";
		};
		E0E476D7275241C800867CA5 = {
			isa = PBXGroup;
			children = (
				E0E476E2275241C800867CA5 /* Firebase-app */,
				E0E476E1275241C800867CA5 /* Products */,
				7F16FF90727CFBF4BF22BD69 /* Pods */,
				ACADA1CFC4D2E4FE44420907 /* Frameworks */,
			);
			sourceTree = "<group>";
		};
		E0E476E1275241C800867CA5 /* Products */ = {
			isa = PBXGroup;
			children = (
				E0E476E0275241C800867CA5 /* Firebase-app.app */,
			);
			name = Products;
			sourceTree = "<group>";
		};
		E0E476E2275241C800867CA5 /* Firebase-app */ = {
			isa = PBXGroup;
			children = (
				E0E476E3275241C800867CA5 /* AppDelegate.swift */,
				E0E476E5275241C800867CA5 /* SceneDelegate.swift */,
				E0E476EC275241CA00867CA5 /* Assets.xcassets */,
				E0E476EE275241CA00867CA5 /* LaunchScreen.storyboard */,
				E0E476F1275241CA00867CA5 /* Info.plist */,
				E0E476F9275246F900867CA5 /* GoogleService-Info.plist */,
				E0CD64AE2757FCA00012BA95 /* MainViewController.swift */,
				E09D47D3275A5B7F00D228E4 /* LogInViewController.swift */,
				E0CD64B227581C840012BA95 /* SignUpViewController.swift */,
				E0CD64B427581C970012BA95 /* ProfileViewController.swift */,
				E06103BE2761F205006F9B7D /* FirebaseManager.swift */,
			);
			path = "Firebase-app";
			sourceTree = "<group>";
		};
/* End PBXGroup section */

/* Begin PBXNativeTarget section */
		E0E476DF275241C800867CA5 /* Firebase-app */ = {
			isa = PBXNativeTarget;
			buildConfigurationList = E0E476F4275241CA00867CA5 /* Build configuration list for PBXNativeTarget "Firebase-app" */;
			buildPhases = (
				FD0EBDA45633671DCE41D312 /* [CP] Check Pods Manifest.lock */,
				E0E476DC275241C800867CA5 /* Sources */,
				E0E476DD275241C800867CA5 /* Frameworks */,
				E0E476DE275241C800867CA5 /* Resources */,
				E1DAD568F4BFEF8BCD2CFA0E /* [CP] Embed Pods Frameworks */,
			);
			buildRules = (
			);
			dependencies = (
			);
			name = "Firebase-app";
			productName = "Firebase-app";
			productReference = E0E476E0275241C800867CA5 /* Firebase-app.app */;
			productType = "com.apple.product-type.application";
		};
/* End PBXNativeTarget section */

/* Begin PBXProject section */
		E0E476D8275241C800867CA5 /* Project object */ = {
			isa = PBXProject;
			attributes = {
				LastSwiftUpdateCheck = 1170;
				LastUpgradeCheck = 1170;
				ORGANIZATIONNAME = "Dmitriy Maslennikov";
				TargetAttributes = {
					E0E476DF275241C800867CA5 = {
						CreatedOnToolsVersion = 11.7;
					};
				};
			};
			buildConfigurationList = E0E476DB275241C800867CA5 /* Build configuration list for PBXProject "Firebase-app" */;
			compatibilityVersion = "Xcode 9.3";
			developmentRegion = en;
			hasScannedForEncodings = 0;
			knownRegions = (
				en,
				Base,
			);
			mainGroup = E0E476D7275241C800867CA5;
			productRefGroup = E0E476E1275241C800867CA5 /* Products */;
			projectDirPath = "";
			projectRoot = "";
			targets = (
				E0E476DF275241C800867CA5 /* Firebase-app */,
			);
		};
/* End PBXProject section */

/* Begin PBXResourcesBuildPhase section */
		E0E476DE275241C800867CA5 /* Resources */ = {
			isa = PBXResourcesBuildPhase;
			buildActionMask = 2147483647;
			files = (
				E0E476F0275241CA00867CA5 /* LaunchScreen.storyboard in Resources */,
				E0E476FA275246F900867CA5 /* GoogleService-Info.plist in Resources */,
				E0E476ED275241CA00867CA5 /* Assets.xcassets in Resources */,
			);
			runOnlyForDeploymentPostprocessing = 0;
		};
/* End PBXResourcesBuildPhase section */

/* Begin PBXShellScriptBuildPhase section */
		E1DAD568F4BFEF8BCD2CFA0E /* [CP] Embed Pods Frameworks */ = {
			isa = PBXShellScriptBuildPhase;
			buildActionMask = 2147483647;
			files = (
			);
			inputFileListPaths = (
				"${PODS_ROOT}/Target Support Files/Pods-Firebase-app/Pods-Firebase-app-frameworks-${CONFIGURATION}-input-files.xcfilelist",
			);
			name = "[CP] Embed Pods Frameworks";
			outputFileListPaths = (
				"${PODS_ROOT}/Target Support Files/Pods-Firebase-app/Pods-Firebase-app-frameworks-${CONFIGURATION}-output-files.xcfilelist",
			);
			runOnlyForDeploymentPostprocessing = 0;
			shellPath = /bin/sh;
			shellScript = "\"${PODS_ROOT}/Target Support Files/Pods-Firebase-app/Pods-Firebase-app-frameworks.sh\"\n";
			showEnvVarsInLog = 0;
		};
		FD0EBDA45633671DCE41D312 /* [CP] Check Pods Manifest.lock */ = {
			isa = PBXShellScriptBuildPhase;
			buildActionMask = 2147483647;
			files = (
			);
			inputFileListPaths = (
			);
			inputPaths = (
				"${PODS_PODFILE_DIR_PATH}/Podfile.lock",
				"${PODS_ROOT}/Manifest.lock",
			);
			name = "[CP] Check Pods Manifest.lock";
			outputFileListPaths = (
			);
			outputPaths = (
				"$(DERIVED_FILE_DIR)/Pods-Firebase-app-checkManifestLockResult.txt",
			);
			runOnlyForDeploymentPostprocessing = 0;
			shellPath = /bin/sh;
			shellScript = "diff \"${PODS_PODFILE_DIR_PATH}/Podfile.lock\" \"${PODS_ROOT}/Manifest.lock\" > /dev/null\nif [ $? != 0 ] ; then\n    # print error to STDERR\n    echo \"error: The sandbox is not in sync with the Podfile.lock. Run 'pod install' or update your CocoaPods installation.\" >&2\n    exit 1\nfi\n# This output is used by Xcode 'outputs' to avoid re-running this script phase.\necho \"SUCCESS\" > \"${SCRIPT_OUTPUT_FILE_0}\"\n";
			showEnvVarsInLog = 0;
		};
/* End PBXShellScriptBuildPhase section */

/* Begin PBXSourcesBuildPhase section */
		E0E476DC275241C800867CA5 /* Sources */ = {
			isa = PBXSourcesBuildPhase;
			buildActionMask = 2147483647;
			files = (
				E0CD64B327581C840012BA95 /* SignUpViewController.swift in Sources */,
				E0E476E4275241C800867CA5 /* AppDelegate.swift in Sources */,
				E06103BF2761F205006F9B7D /* FirebaseManager.swift in Sources */,
				E09D47D4275A5B7F00D228E4 /* LogInViewController.swift in Sources */,
				E0E476E6275241C800867CA5 /* SceneDelegate.swift in Sources */,
				E0CD64B527581C970012BA95 /* ProfileViewController.swift in Sources */,
				E0CD64AF2757FCA00012BA95 /* MainViewController.swift in Sources */,
			);
			runOnlyForDeploymentPostprocessing = 0;
		};
/* End PBXSourcesBuildPhase section */

/* Begin PBXVariantGroup section */
		E0E476EE275241CA00867CA5 /* LaunchScreen.storyboard */ = {
			isa = PBXVariantGroup;
			children = (
				E0E476EF275241CA00867CA5 /* Base */,
			);
			name = LaunchScreen.storyboard;
			sourceTree = "<group>";
		};
/* End PBXVariantGroup section */

/* Begin XCBuildConfiguration section */
		E0E476F2275241CA00867CA5 /* Debug */ = {
			isa = XCBuildConfiguration;
			buildSettings = {
				ALWAYS_SEARCH_USER_PATHS = NO;
				CLANG_ANALYZER_NONNULL = YES;
				CLANG_ANALYZER_NUMBER_OBJECT_CONVERSION = YES_AGGRESSIVE;
				CLANG_CXX_LANGUAGE_STANDARD = "gnu++14";
				CLANG_CXX_LIBRARY = "libc++";
				CLANG_ENABLE_MODULES = YES;
				CLANG_ENABLE_OBJC_ARC = YES;
				CLANG_ENABLE_OBJC_WEAK = YES;
				CLANG_WARN_BLOCK_CAPTURE_AUTORELEASING = YES;
				CLANG_WARN_BOOL_CONVERSION = YES;
				CLANG_WARN_COMMA = YES;
				CLANG_WARN_CONSTANT_CONVERSION = YES;
				CLANG_WARN_DEPRECATED_OBJC_IMPLEMENTATIONS = YES;
				CLANG_WARN_DIRECT_OBJC_ISA_USAGE = YES_ERROR;
				CLANG_WARN_DOCUMENTATION_COMMENTS = YES;
				CLANG_WARN_EMPTY_BODY = YES;
				CLANG_WARN_ENUM_CONVERSION = YES;
				CLANG_WARN_INFINITE_RECURSION = YES;
				CLANG_WARN_INT_CONVERSION = YES;
				CLANG_WARN_NON_LITERAL_NULL_CONVERSION = YES;
				CLANG_WARN_OBJC_IMPLICIT_RETAIN_SELF = YES;
				CLANG_WARN_OBJC_LITERAL_CONVERSION = YES;
				CLANG_WARN_OBJC_ROOT_CLASS = YES_ERROR;
				CLANG_WARN_RANGE_LOOP_ANALYSIS = YES;
				CLANG_WARN_STRICT_PROTOTYPES = YES;
				CLANG_WARN_SUSPICIOUS_MOVE = YES;
				CLANG_WARN_UNGUARDED_AVAILABILITY = YES_AGGRESSIVE;
				CLANG_WARN_UNREACHABLE_CODE = YES;
				CLANG_WARN__DUPLICATE_METHOD_MATCH = YES;
				COPY_PHASE_STRIP = NO;
				DEBUG_INFORMATION_FORMAT = dwarf;
				ENABLE_STRICT_OBJC_MSGSEND = YES;
				ENABLE_TESTABILITY = YES;
				GCC_C_LANGUAGE_STANDARD = gnu11;
				GCC_DYNAMIC_NO_PIC = NO;
				GCC_NO_COMMON_BLOCKS = YES;
				GCC_OPTIMIZATION_LEVEL = 0;
				GCC_PREPROCESSOR_DEFINITIONS = (
					"DEBUG=1",
					"$(inherited)",
				);
				GCC_WARN_64_TO_32_BIT_CONVERSION = YES;
				GCC_WARN_ABOUT_RETURN_TYPE = YES_ERROR;
				GCC_WARN_UNDECLARED_SELECTOR = YES;
				GCC_WARN_UNINITIALIZED_AUTOS = YES_AGGRESSIVE;
				GCC_WARN_UNUSED_FUNCTION = YES;
				GCC_WARN_UNUSED_VARIABLE = YES;
				IPHONEOS_DEPLOYMENT_TARGET = 13.7;
				MTL_ENABLE_DEBUG_INFO = INCLUDE_SOURCE;
				MTL_FAST_MATH = YES;
				ONLY_ACTIVE_ARCH = YES;
				SDKROOT = iphoneos;
				SWIFT_ACTIVE_COMPILATION_CONDITIONS = DEBUG;
				SWIFT_OPTIMIZATION_LEVEL = "-Onone";
			};
			name = Debug;
		};
		E0E476F3275241CA00867CA5 /* Release */ = {
			isa = XCBuildConfiguration;
			buildSettings = {
				ALWAYS_SEARCH_USER_PATHS = NO;
				CLANG_ANALYZER_NONNULL = YES;
				CLANG_ANALYZER_NUMBER_OBJECT_CONVERSION = YES_AGGRESSIVE;
				CLANG_CXX_LANGUAGE_STANDARD = "gnu++14";
				CLANG_CXX_LIBRARY = "libc++";
				CLANG_ENABLE_MODULES = YES;
				CLANG_ENABLE_OBJC_ARC = YES;
				CLANG_ENABLE_OBJC_WEAK = YES;
				CLANG_WARN_BLOCK_CAPTURE_AUTORELEASING = YES;
				CLANG_WARN_BOOL_CONVERSION = YES;
				CLANG_WARN_COMMA = YES;
				CLANG_WARN_CONSTANT_CONVERSION = YES;
				CLANG_WARN_DEPRECATED_OBJC_IMPLEMENTATIONS = YES;
				CLANG_WARN_DIRECT_OBJC_ISA_USAGE = YES_ERROR;
				CLANG_WARN_DOCUMENTATION_COMMENTS = YES;
				CLANG_WARN_EMPTY_BODY = YES;
				CLANG_WARN_ENUM_CONVERSION = YES;
				CLANG_WARN_INFINITE_RECURSION = YES;
				CLANG_WARN_INT_CONVERSION = YES;
				CLANG_WARN_NON_LITERAL_NULL_CONVERSION = YES;
				CLANG_WARN_OBJC_IMPLICIT_RETAIN_SELF = YES;
				CLANG_WARN_OBJC_LITERAL_CONVERSION = YES;
				CLANG_WARN_OBJC_ROOT_CLASS = YES_ERROR;
				CLANG_WARN_RANGE_LOOP_ANALYSIS = YES;
				CLANG_WARN_STRICT_PROTOTYPES = YES;
				CLANG_WARN_SUSPICIOUS_MOVE = YES;
				CLANG_WARN_UNGUARDED_AVAILABILITY = YES_AGGRESSIVE;
				CLANG_WARN_UNREACHABLE_CODE = YES;
				CLANG_WARN__DUPLICATE_METHOD_MATCH = YES;
				COPY_PHASE_STRIP = NO;
				DEBUG_INFORMATION_FORMAT = "dwarf-with-dsym";
				ENABLE_NS_ASSERTIONS = NO;
				ENABLE_STRICT_OBJC_MSGSEND = YES;
				GCC_C_LANGUAGE_STANDARD = gnu11;
				GCC_NO_COMMON_BLOCKS = YES;
				GCC_WARN_64_TO_32_BIT_CONVERSION = YES;
				GCC_WARN_ABOUT_RETURN_TYPE = YES_ERROR;
				GCC_WARN_UNDECLARED_SELECTOR = YES;
				GCC_WARN_UNINITIALIZED_AUTOS = YES_AGGRESSIVE;
				GCC_WARN_UNUSED_FUNCTION = YES;
				GCC_WARN_UNUSED_VARIABLE = YES;
				IPHONEOS_DEPLOYMENT_TARGET = 13.7;
				MTL_ENABLE_DEBUG_INFO = NO;
				MTL_FAST_MATH = YES;
				SDKROOT = iphoneos;
				SWIFT_COMPILATION_MODE = wholemodule;
				SWIFT_OPTIMIZATION_LEVEL = "-O";
				VALIDATE_PRODUCT = YES;
			};
			name = Release;
		};
		E0E476F5275241CA00867CA5 /* Debug */ = {
			isa = XCBuildConfiguration;
			baseConfigurationReference = 298AAA87B713CA4787092E70 /* Pods-Firebase-app.debug.xcconfig */;
			buildSettings = {
				ASSETCATALOG_COMPILER_APPICON_NAME = AppIcon;
				CODE_SIGN_STYLE = Automatic;
				DEVELOPMENT_TEAM = B9LDY7DJT3;
				INFOPLIST_FILE = "Firebase-app/Info.plist";
				LD_RUNPATH_SEARCH_PATHS = (
					"$(inherited)",
					"@executable_path/Frameworks",
				);
				PRODUCT_BUNDLE_IDENTIFIER = "com.mrmda28.Firebase-app";
				PRODUCT_NAME = "$(TARGET_NAME)";
				SWIFT_VERSION = 5.0;
				TARGETED_DEVICE_FAMILY = 1;
			};
			name = Debug;
		};
		E0E476F6275241CA00867CA5 /* Release */ = {
			isa = XCBuildConfiguration;
			baseConfigurationReference = 85F27A158C4CEB5088193FE6 /* Pods-Firebase-app.release.xcconfig */;
			buildSettings = {
				ASSETCATALOG_COMPILER_APPICON_NAME = AppIcon;
				CODE_SIGN_STYLE = Automatic;
				DEVELOPMENT_TEAM = B9LDY7DJT3;
				INFOPLIST_FILE = "Firebase-app/Info.plist";
				LD_RUNPATH_SEARCH_PATHS = (
					"$(inherited)",
					"@executable_path/Frameworks",
				);
				PRODUCT_BUNDLE_IDENTIFIER = "com.mrmda28.Firebase-app";
				PRODUCT_NAME = "$(TARGET_NAME)";
				SWIFT_VERSION = 5.0;
				TARGETED_DEVICE_FAMILY = 1;
			};
			name = Release;
		};
/* End XCBuildConfiguration section */

/* Begin XCConfigurationList section */
		E0E476DB275241C800867CA5 /* Build configuration list for PBXProject "Firebase-app" */ = {
			isa = XCConfigurationList;
			buildConfigurations = (
				E0E476F2275241CA00867CA5 /* Debug */,
				E0E476F3275241CA00867CA5 /* Release */,
			);
			defaultConfigurationIsVisible = 0;
			defaultConfigurationName = Release;
		};
		E0E476F4275241CA00867CA5 /* Build configuration list for PBXNativeTarget "Firebase-app" */ = {
			isa = XCConfigurationList;
			buildConfigurations = (
				E0E476F5275241CA00867CA5 /* Debug */,
				E0E476F6275241CA00867CA5 /* Release */,
			);
			defaultConfigurationIsVisible = 0;
			defaultConfigurationName = Release;
		};
/* End XCConfigurationList section */
	};
	rootObject = E0E476D8275241C800867CA5 /* Project object */;
}
